
Microsoft Visual Studio Solution File, Format Version 12.00
# Visual Studio 15
VisualStudioVersion = 15.0.28010.2003
MinimumVisualStudioVersion = 10.0.40219.1
Project("{FAE04EC0-301F-11D3-BF4B-00C04F79EFBC}") = "ng6", "ng6\ng6.csproj", "{71761F1B-7575-4AD7-9D62-976BB7FDE4B9}"
EndProject
Global
	GlobalSection(SolutionConfigurationPlatforms) = preSolution
		Debug|Any CPU = Debug|Any CPU
		Release|Any CPU = Release|Any CPU
	EndGlobalSection
	GlobalSection(ProjectConfigurationPlatforms) = postSolution
		{71761F1B-7575-4AD7-9D62-976BB7FDE4B9}.Debug|Any CPU.ActiveCfg = Debug|Any CPU
		{71761F1B-7575-4AD7-9D62-976BB7FDE4B9}.Debug|Any CPU.Build.0 = Debug|Any CPU
		{71761F1B-7575-4AD7-9D62-976BB7FDE4B9}.Release|Any CPU.ActiveCfg = Release|Any CPU
		{71761F1B-7575-4AD7-9D62-976BB7FDE4B9}.Release|Any CPU.Build.0 = Release|Any CPU
	EndGlobalSection
	GlobalSection(SolutionProperties) = preSolution
		HideSolutionNode = FALSE
	EndGlobalSection
	GlobalSection(ExtensibilityGlobals) = postSolution
		SolutionGuid = {41F13246-6D2B-48F1-A294-7138FC034C56}
	EndGlobalSection
EndGlobal
